// !$*UTF8*$!
{
	archiveVersion = 1;
	classes = {
	};
	objectVersion = 46;
	objects = {

/* Begin PBXBuildFile section */
		148133321BA416B0003CE350 /* AppDelegate.swift in Sources */ = {isa = PBXBuildFile; fileRef = 148133311BA416B0003CE350 /* AppDelegate.swift */; };
		148133341BA416B0003CE350 /* ViewController.swift in Sources */ = {isa = PBXBuildFile; fileRef = 148133331BA416B0003CE350 /* ViewController.swift */; };
		148133371BA416B0003CE350 /* Main.storyboard in Resources */ = {isa = PBXBuildFile; fileRef = 148133351BA416B0003CE350 /* Main.storyboard */; };
		148133391BA416B0003CE350 /* Images.xcassets in Resources */ = {isa = PBXBuildFile; fileRef = 148133381BA416B0003CE350 /* Images.xcassets */; };
		1481333C1BA416B0003CE350 /* LaunchScreen.xib in Resources */ = {isa = PBXBuildFile; fileRef = 1481333A1BA416B0003CE350 /* LaunchScreen.xib */; };
		148133481BA416B0003CE350 /* mhacks6Tests.swift in Sources */ = {isa = PBXBuildFile; fileRef = 148133471BA416B0003CE350 /* mhacks6Tests.swift */; };
/* End PBXBuildFile section */

/* Begin PBXContainerItemProxy section */
		148133421BA416B0003CE350 /* PBXContainerItemProxy */ = {
			isa = PBXContainerItemProxy;
			containerPortal = 148133241BA416B0003CE350 /* Project object */;
			proxyType = 1;
			remoteGlobalIDString = 1481332B1BA416B0003CE350;
			remoteInfo = mhacks6;
		};
/* End PBXContainerItemProxy section */

/* Begin PBXFileReference section */
		1481332C1BA416B0003CE350 /* mhacks6.app */ = {isa = PBXFileReference; explicitFileType = wrapper.application; includeInIndex = 0; path = mhacks6.app; sourceTree = BUILT_PRODUCTS_DIR; };
		148133301BA416B0003CE350 /* Info.plist */ = {isa = PBXFileReference; lastKnownFileType = text.plist.xml; path = Info.plist; sourceTree = "<group>"; };
		148133311BA416B0003CE350 /* AppDelegate.swift */ = {isa = PBXFileReference; lastKnownFileType = sourcecode.swift; path = AppDelegate.swift; sourceTree = "<group>"; };
		148133331BA416B0003CE350 /* ViewController.swift */ = {isa = PBXFileReference; lastKnownFileType = sourcecode.swift; path = ViewController.swift; sourceTree = "<group>"; };
		148133361BA416B0003CE350 /* Base */ = {isa = PBXFileReference; lastKnownFileType = file.storyboard; name = Base; path = Base.lproj/Main.storyboard; sourceTree = "<group>"; };
		148133381BA416B0003CE350 /* Images.xcassets */ = {isa = PBXFileReference; lastKnownFileType = folder.assetcatalog; path = Images.xcassets; sourceTree = "<group>"; };
		1481333B1BA416B0003CE350 /* Base */ = {isa = PBXFileReference; lastKnownFileType = file.xib; name = Base; path = Base.lproj/LaunchScreen.xib; sourceTree = "<group>"; };
		148133411BA416B0003CE350 /* mhacks6Tests.xctest */ = {isa = PBXFileReference; explicitFileType = wrapper.cfbundle; includeInIndex = 0; path = mhacks6Tests.xctest; sourceTree = BUILT_PRODUCTS_DIR; };
		148133461BA416B0003CE350 /* Info.plist */ = {isa = PBXFileReference; lastKnownFileType = text.plist.xml; path = Info.plist; sourceTree = "<group>"; };
		148133471BA416B0003CE350 /* mhacks6Tests.swift */ = {isa = PBXFileReference; lastKnownFileType = sourcecode.swift; path = mhacks6Tests.swift; sourceTree = "<group>"; };
/* End PBXFileReference section */

/* Begin PBXFrameworksBuildPhase section */
		148133291BA416B0003CE350 /* Frameworks */ = {
			isa = PBXFrameworksBuildPhase;
			buildActionMask = 2147483647;
			files = (
			);
			runOnlyForDeploymentPostprocessing = 0;
		};
		1481333E1BA416B0003CE350 /* Frameworks */ = {
			isa = PBXFrameworksBuildPhase;
			buildActionMask = 2147483647;
			files = (
			);
			runOnlyForDeploymentPostprocessing = 0;
		};
/* End PBXFrameworksBuildPhase section */

/* Begin PBXGroup section */
		148133231BA416B0003CE350 = {
			isa = PBXGroup;
			children = (
				1481332E1BA416B0003CE350 /* mhacks6 */,
				148133441BA416B0003CE350 /* mhacks6Tests */,
				1481332D1BA416B0003CE350 /* Products */,
			);
			sourceTree = "<group>";
		};
		1481332D1BA416B0003CE350 /* Products */ = {
			isa = PBXGroup;
			children = (
				1481332C1BA416B0003CE350 /* mhacks6.app */,
				148133411BA416B0003CE350 /* mhacks6Tests.xctest */,
			);
			name = Products;
			sourceTree = "<group>";
		};
		1481332E1BA416B0003CE350 /* mhacks6 */ = {
			isa = PBXGroup;
			children = (
				148133311BA416B0003CE350 /* AppDelegate.swift */,
				148133331BA416B0003CE350 /* ViewController.swift */,
				148133351BA416B0003CE350 /* Main.storyboard */,
				148133381BA416B0003CE350 /* Images.xcassets */,
				1481333A1BA416B0003CE350 /* LaunchScreen.xib */,
				1481332F1BA416B0003CE350 /* Supporting Files */,
			);
			path = mhacks6;
			sourceTree = "<group>";
		};
		1481332F1BA416B0003CE350 /* Supporting Files */ = {
			isa = PBXGroup;
			children = (
				148133301BA416B0003CE350 /* Info.plist */,
			);
			name = "Supporting Files";
			sourceTree = "<group>";
		};
		148133441BA416B0003CE350 /* mhacks6Tests */ = {
			isa = PBXGroup;
			children = (
				148133471BA416B0003CE350 /* mhacks6Tests.swift */,
				148133451BA416B0003CE350 /* Supporting Files */,
			);
			path = mhacks6Tests;
			sourceTree = "<group>";
		};
		148133451BA416B0003CE350 /* Supporting Files */ = {
			isa = PBXGroup;
			children = (
				148133461BA416B0003CE350 /* Info.plist */,
			);
			name = "Supporting Files";
			sourceTree = "<group>";
		};
/* End PBXGroup section */

/* Begin PBXNativeTarget section */
		1481332B1BA416B0003CE350 /* mhacks6 */ = {
			isa = PBXNativeTarget;
			buildConfigurationList = 1481334B1BA416B0003CE350 /* Build configuration list for PBXNativeTarget "mhacks6" */;
			buildPhases = (
				148133281BA416B0003CE350 /* Sources */,
				148133291BA416B0003CE350 /* Frameworks */,
				1481332A1BA416B0003CE350 /* Resources */,
			);
			buildRules = (
			);
			dependencies = (
			);
			name = mhacks6;
			productName = mhacks6;
			productReference = 1481332C1BA416B0003CE350 /* mhacks6.app */;
			productType = "com.apple.product-type.application";
		};
		148133401BA416B0003CE350 /* mhacks6Tests */ = {
			isa = PBXNativeTarget;
			buildConfigurationList = 1481334E1BA416B0003CE350 /* Build configuration list for PBXNativeTarget "mhacks6Tests" */;
			buildPhases = (
				1481333D1BA416B0003CE350 /* Sources */,
				1481333E1BA416B0003CE350 /* Frameworks */,
				1481333F1BA416B0003CE350 /* Resources */,
			);
			buildRules = (
			);
			dependencies = (
				148133431BA416B0003CE350 /* PBXTargetDependency */,
			);
			name = mhacks6Tests;
			productName = mhacks6Tests;
			productReference = 148133411BA416B0003CE350 /* mhacks6Tests.xctest */;
			productType = "com.apple.product-type.bundle.unit-test";
		};
/* End PBXNativeTarget section */

/* Begin PBXProject section */
		148133241BA416B0003CE350 /* Project object */ = {
			isa = PBXProject;
			attributes = {
				LastUpgradeCheck = 0640;
				ORGANIZATIONNAME = Uriah;
				TargetAttributes = {
					1481332B1BA416B0003CE350 = {
						CreatedOnToolsVersion = 6.4;
					};
					148133401BA416B0003CE350 = {
						CreatedOnToolsVersion = 6.4;
						TestTargetID = 1481332B1BA416B0003CE350;
					};
				};
			};
			buildConfigurationList = 148133271BA416B0003CE350 /* Build configuration list for PBXProject "mhacks6" */;
			compatibilityVersion = "Xcode 3.2";
			developmentRegion = English;
			hasScannedForEncodings = 0;
			knownRegions = (
				en,
				Base,
			);
			mainGroup = 148133231BA416B0003CE350;
			productRefGroup = 1481332D1BA416B0003CE350 /* Products */;
			projectDirPath = "";
			projectRoot = "";
			targets = (
				1481332B1BA416B0003CE350 /* mhacks6 */,
				148133401BA416B0003CE350 /* mhacks6Tests */,
			);
		};
/* End PBXProject section */

/* Begin PBXResourcesBuildPhase section */
		1481332A1BA416B0003CE350 /* Resources */ = {
			isa = PBXResourcesBuildPhase;
			buildActionMask = 2147483647;
			files = (
				148133371BA416B0003CE350 /* Main.storyboard in Resources */,
				1481333C1BA416B0003CE350 /* LaunchScreen.xib in Resources */,
				148133391BA416B0003CE350 /* Images.xcassets in Resources */,
			);
			runOnlyForDeploymentPostprocessing = 0;
		};
		1481333F1BA416B0003CE350 /* Resources */ = {
			isa = PBXResourcesBuildPhase;
			buildActionMask = 2147483647;
			files = (
			);
			runOnlyForDeploymentPostprocessing = 0;
		};
/* End PBXResourcesBuildPhase section */

/* Begin PBXSourcesBuildPhase section */
		148133281BA416B0003CE350 /* Sources */ = {
			isa = PBXSourcesBuildPhase;
			buildActionMask = 2147483647;
			files = (
				148133341BA416B0003CE350 /* ViewController.swift in Sources */,
				148133321BA416B0003CE350 /* AppDelegate.swift in Sources */,
			);
			runOnlyForDeploymentPostprocessing = 0;
		};
		1481333D1BA416B0003CE350 /* Sources */ = {
			isa = PBXSourcesBuildPhase;
			buildActionMask = 2147483647;
			files = (
				148133481BA416B0003CE350 /* mhacks6Tests.swift in Sources */,
			);
			runOnlyForDeploymentPostprocessing = 0;
		};
/* End PBXSourcesBuildPhase section */

/* Begin PBXTargetDependency section */
		148133431BA416B0003CE350 /* PBXTargetDependency */ = {
			isa = PBXTargetDependency;
			target = 1481332B1BA416B0003CE350 /* mhacks6 */;
			targetProxy = 148133421BA416B0003CE350 /* PBXContainerItemProxy */;
		};
/* End PBXTargetDependency section */

/* Begin PBXVariantGroup section */
		148133351BA416B0003CE350 /* Main.storyboard */ = {
			isa = PBXVariantGroup;
			children = (
				148133361BA416B0003CE350 /* Base */,
			);
			name = Main.storyboard;
			sourceTree = "<group>";
		};
		1481333A1BA416B0003CE350 /* LaunchScreen.xib */ = {
			isa = PBXVariantGroup;
			children = (
				1481333B1BA416B0003CE350 /* Base */,
			);
			name = LaunchScreen.xib;
			sourceTree = "<group>";
		};
/* End PBXVariantGroup section */

/* Begin XCBuildConfiguration section */
		148133491BA416B0003CE350 /* Debug */ = {
			isa = XCBuildConfiguration;
			buildSettings = {
				ALWAYS_SEARCH_USER_PATHS = NO;
				CLANG_CXX_LANGUAGE_STANDARD = "gnu++0x";
				CLANG_CXX_LIBRARY = "libc++";
				CLANG_ENABLE_MODULES = YES;
				CLANG_ENABLE_OBJC_ARC = YES;
				CLANG_WARN_BOOL_CONVERSION = YES;
				CLANG_WARN_CONSTANT_CONVERSION = YES;
				CLANG_WARN_DIRECT_OBJC_ISA_USAGE = YES_ERROR;
				CLANG_WARN_EMPTY_BODY = YES;
				CLANG_WARN_ENUM_CONVERSION = YES;
				CLANG_WARN_INT_CONVERSION = YES;
				CLANG_WARN_OBJC_ROOT_CLASS = YES_ERROR;
				CLANG_WARN_UNREACHABLE_CODE = YES;
				CLANG_WARN__DUPLICATE_METHOD_MATCH = YES;
				"CODE_SIGN_IDENTITY[sdk=iphoneos*]" = "iPhone Developer";
				COPY_PHASE_STRIP = NO;
				DEBUG_INFORMATION_FORMAT = "dwarf-with-dsym";
				ENABLE_STRICT_OBJC_MSGSEND = YES;
				GCC_C_LANGUAGE_STANDARD = gnu99;
				GCC_DYNAMIC_NO_PIC = NO;
				GCC_NO_COMMON_BLOCKS = YES;
				GCC_OPTIMIZATION_LEVEL = 0;
				GCC_PREPROCESSOR_DEFINITIONS = (
					"DEBUG=1",
					"$(inherited)",
				);
				GCC_SYMBOLS_PRIVATE_EXTERN = NO;
				GCC_WARN_64_TO_32_BIT_CONVERSION = YES;
				GCC_WARN_ABOUT_RETURN_TYPE = YES_ERROR;
				GCC_WARN_UNDECLARED_SELECTOR = YES;
				GCC_WARN_UNINITIALIZED_AUTOS = YES_AGGRESSIVE;
				GCC_WARN_UNUSED_FUNCTION = YES;
				GCC_WARN_UNUSED_VARIABLE = YES;
				IPHONEOS_DEPLOYMENT_TARGET = 8.4;
				MTL_ENABLE_DEBUG_INFO = YES;
				ONLY_ACTIVE_ARCH = YES;
				SDKROOT = iphoneos;
				SWIFT_OPTIMIZATION_LEVEL = "-Onone";
				TARGETED_DEVICE_FAMILY = "1,2";
			};
			name = Debug;
		};
		1481334A1BA416B0003CE350 /* Release */ = {
			isa = XCBuildConfiguration;
			buildSettings = {
				ALWAYS_SEARCH_USER_PATHS = NO;
				CLANG_CXX_LANGUAGE_STANDARD = "gnu++0x";
				CLANG_CXX_LIBRARY = "libc++";
				CLANG_ENABLE_MODULES = YES;
				CLANG_ENABLE_OBJC_ARC = YES;
				CLANG_WARN_BOOL_CONVERSION = YES;
				CLANG_WARN_CONSTANT_CONVERSION = YES;
				CLANG_WARN_DIRECT_OBJC_ISA_USAGE = YES_ERROR;
				CLANG_WARN_EMPTY_BODY = YES;
				CLANG_WARN_ENUM_CONVERSION = YES;
				CLANG_WARN_INT_CONVERSION = YES;
				CLANG_WARN_OBJC_ROOT_CLASS = YES_ERROR;
				CLANG_WARN_UNREACHABLE_CODE = YES;
				CLANG_WARN__DUPLICATE_METHOD_MATCH = YES;
				"CODE_SIGN_IDENTITY[sdk=iphoneos*]" = "iPhone Developer";
				COPY_PHASE_STRIP = NO;
				DEBUG_INFORMATION_FORMAT = "dwarf-with-dsym";
				ENABLE_NS_ASSERTIONS = NO;
				ENABLE_STRICT_OBJC_MSGSEND = YES;
				GCC_C_LANGUAGE_STANDARD = gnu99;
				GCC_NO_COMMON_BLOCKS = YES;
				GCC_WARN_64_TO_32_BIT_CONVERSION = YES;
				GCC_WARN_ABOUT_RETURN_TYPE = YES_ERROR;
				GCC_WARN_UNDECLARED_SELECTOR = YES;
				GCC_WARN_UNINITIALIZED_AUTOS = YES_AGGRESSIVE;
				GCC_WARN_UNUSED_FUNCTION = YES;
				GCC_WARN_UNUSED_VARIABLE = YES;
				IPHONEOS_DEPLOYMENT_TARGET = 8.4;
				MTL_ENABLE_DEBUG_INFO = NO;
				SDKROOT = iphoneos;
				TARGETED_DEVICE_FAMILY = "1,2";
				VALIDATE_PRODUCT = YES;
			};
			name = Release;
		};
		1481334C1BA416B0003CE350 /* Debug */ = {
			isa = XCBuildConfiguration;
			buildSettings = {
				ASSETCATALOG_COMPILER_APPICON_NAME = AppIcon;
				INFOPLIST_FILE = mhacks6/Info.plist;
				LD_RUNPATH_SEARCH_PATHS = "$(inherited) @executable_path/Frameworks";
				PRODUCT_NAME = "$(TARGET_NAME)";
			};
			name = Debug;
		};
		1481334D1BA416B0003CE350 /* Release */ = {
			isa = XCBuildConfiguration;
			buildSettings = {
				ASSETCATALOG_COMPILER_APPICON_NAME = AppIcon;
				INFOPLIST_FILE = mhacks6/Info.plist;
				LD_RUNPATH_SEARCH_PATHS = "$(inherited) @executable_path/Frameworks";
				PRODUCT_NAME = "$(TARGET_NAME)";
			};
			name = Release;
		};
		1481334F1BA416B0003CE350 /* Debug */ = {
			isa = XCBuildConfiguration;
			buildSettings = {
				BUNDLE_LOADER = "$(TEST_HOST)";
				FRAMEWORK_SEARCH_PATHS = (
					"$(SDKROOT)/Developer/Library/Frameworks",
					"$(inherited)",
				);
				GCC_PREPROCESSOR_DEFINITIONS = (
					"DEBUG=1",
					"$(inherited)",
				);
				INFOPLIST_FILE = mhacks6Tests/Info.plist;
				LD_RUNPATH_SEARCH_PATHS = "$(inherited) @executable_path/Frameworks @loader_path/Frameworks";
				PRODUCT_NAME = "$(TARGET_NAME)";
				TEST_HOST = "$(BUILT_PRODUCTS_DIR)/mhacks6.app/mhacks6";
			};
			name = Debug;
		};
		148133501BA416B0003CE350 /* Release */ = {
			isa = XCBuildConfiguration;
			buildSettings = {
				BUNDLE_LOADER = "$(TEST_HOST)";
				FRAMEWORK_SEARCH_PATHS = (
					"$(SDKROOT)/Developer/Library/Frameworks",
					"$(inherited)",
				);
				INFOPLIST_FILE = mhacks6Tests/Info.plist;
				LD_RUNPATH_SEARCH_PATHS = "$(inherited) @executable_path/Frameworks @loader_path/Frameworks";
				PRODUCT_NAME = "$(TARGET_NAME)";
				TEST_HOST = "$(BUILT_PRODUCTS_DIR)/mhacks6.app/mhacks6";
			};
			name = Release;
		};
/* End XCBuildConfiguration section */

/* Begin XCConfigurationList section */
		148133271BA416B0003CE350 /* Build configuration list for PBXProject "mhacks6" */ = {
			isa = XCConfigurationList;
			buildConfigurations = (
				148133491BA416B0003CE350 /* Debug */,
				1481334A1BA416B0003CE350 /* Release */,
			);
			defaultConfigurationIsVisible = 0;
			defaultConfigurationName = Release;
		};
		1481334B1BA416B0003CE350 /* Build configuration list for PBXNativeTarget "mhacks6" */ = {
			isa = XCConfigurationList;
			buildConfigurations = (
				1481334C1BA416B0003CE350 /* Debug */,
				1481334D1BA416B0003CE350 /* Release */,
			);
			defaultConfigurationIsVisible = 0;
		};
		1481334E1BA416B0003CE350 /* Build configuration list for PBXNativeTarget "mhacks6Tests" */ = {
			isa = XCConfigurationList;
			buildConfigurations = (
				1481334F1BA416B0003CE350 /* Debug */,
				148133501BA416B0003CE350 /* Release */,
			);
			defaultConfigurationIsVisible = 0;
		};
/* End XCConfigurationList section */
	};
	rootObject = 148133241BA416B0003CE350 /* Project object */;
}
